
Microsoft Visual Studio Solution File, Format Version 12.00
# Visual Studio 15
VisualStudioVersion = 15.0.28307.271
MinimumVisualStudioVersion = 10.0.40219.1
Project("{9A19103F-16F7-4668-BE54-9A1E7A4F7556}") = "TheMoviesDb2Cosmos.Parser", "TheMoviesDb2Cosmos.Parser\TheMoviesDb2Cosmos.Parser.csproj", "{D549E9C9-83D6-46B4-AB38-CCD128C020E5}"
EndProject
Project("{9A19103F-16F7-4668-BE54-9A1E7A4F7556}") = "TheMoviesDb2Cosmos.DataUploader", "TheMoviesDb2Cosmos.DataUploader\TheMoviesDb2Cosmos.DataUploader.csproj", "{20556390-F260-4FF2-91D7-DE2C9C20D701}"
EndProject
Project("{9A19103F-16F7-4668-BE54-9A1E7A4F7556}") = "TheMoviesDb2Cosmos.Common", "TheMoviesDb2Cosmos.Common\TheMoviesDb2Cosmos.Common.csproj", "{6626F026-4CCA-45DF-A928-78DE99F71966}"
EndProject
Global
	GlobalSection(SolutionConfigurationPlatforms) = preSolution
		Debug|Any CPU = Debug|Any CPU
		Release|Any CPU = Release|Any CPU
	EndGlobalSection
	GlobalSection(ProjectConfigurationPlatforms) = postSolution
		{D549E9C9-83D6-46B4-AB38-CCD128C020E5}.Debug|Any CPU.ActiveCfg = Debug|Any CPU
		{D549E9C9-83D6-46B4-AB38-CCD128C020E5}.Debug|Any CPU.Build.0 = Debug|Any CPU
		{D549E9C9-83D6-46B4-AB38-CCD128C020E5}.Release|Any CPU.ActiveCfg = Release|Any CPU
		{D549E9C9-83D6-46B4-AB38-CCD128C020E5}.Release|Any CPU.Build.0 = Release|Any CPU
		{20556390-F260-4FF2-91D7-DE2C9C20D701}.Debug|Any CPU.ActiveCfg = Debug|Any CPU
		{20556390-F260-4FF2-91D7-DE2C9C20D701}.Debug|Any CPU.Build.0 = Debug|Any CPU
		{20556390-F260-4FF2-91D7-DE2C9C20D701}.Release|Any CPU.ActiveCfg = Release|Any CPU
		{20556390-F260-4FF2-91D7-DE2C9C20D701}.Release|Any CPU.Build.0 = Release|Any CPU
		{6626F026-4CCA-45DF-A928-78DE99F71966}.Debug|Any CPU.ActiveCfg = Debug|Any CPU
		{6626F026-4CCA-45DF-A928-78DE99F71966}.Debug|Any CPU.Build.0 = Debug|Any CPU
		{6626F026-4CCA-45DF-A928-78DE99F71966}.Release|Any CPU.ActiveCfg = Release|Any CPU
		{6626F026-4CCA-45DF-A928-78DE99F71966}.Release|Any CPU.Build.0 = Release|Any CPU
	EndGlobalSection
	GlobalSection(SolutionProperties) = preSolution
		HideSolutionNode = FALSE
	EndGlobalSection
	GlobalSection(ExtensibilityGlobals) = postSolution
		SolutionGuid = {9406DEBF-EAC1-4203-8902-4A4B56CDB8A0}
	EndGlobalSection
EndGlobal
